
Microsoft Visual Studio Solution File, Format Version 12.00
# Visual Studio 15
VisualStudioVersion = 15.0.28307.271
MinimumVisualStudioVersion = 10.0.40219.1
Project("{FAE04EC0-301F-11D3-BF4B-00C04F79EFBC}") = "VP_LAB2", "VP_LAB2\VP_LAB2.csproj", "{7D1FFE5C-530C-4CD1-800B-CCE477150FF4}"
EndProject
Global
	GlobalSection(SolutionConfigurationPlatforms) = preSolution
		Debug|Any CPU = Debug|Any CPU
		Release|Any CPU = Release|Any CPU
	EndGlobalSection
	GlobalSection(ProjectConfigurationPlatforms) = postSolution
		{7D1FFE5C-530C-4CD1-800B-CCE477150FF4}.Debug|Any CPU.ActiveCfg = Debug|Any CPU
		{7D1FFE5C-530C-4CD1-800B-CCE477150FF4}.Debug|Any CPU.Build.0 = Debug|Any CPU
		{7D1FFE5C-530C-4CD1-800B-CCE477150FF4}.Release|Any CPU.ActiveCfg = Release|Any CPU
		{7D1FFE5C-530C-4CD1-800B-CCE477150FF4}.Release|Any CPU.Build.0 = Release|Any CPU
	EndGlobalSection
	GlobalSection(SolutionProperties) = preSolution
		HideSolutionNode = FALSE
	EndGlobalSection
	GlobalSection(ExtensibilityGlobals) = postSolution
		SolutionGuid = {FC2D50F7-10B5-4D7B-BBC9-E5CF4129132D}
	EndGlobalSection
EndGlobal
